
Microsoft Visual Studio Solution File, Format Version 12.00
# Visual Studio Version 17
VisualStudioVersion = 17.14.36518.9
MinimumVisualStudioVersion = 10.0.40219.1
Project("{FAE04EC0-301F-11D3-BF4B-00C04F79EFBC}") = "DaviskibaMaksim", "DaviskibaMaksim.csproj", "{6CB68A86-2281-4C66-A852-4431B7552084}"
EndProject
Project("{FAE04EC0-301F-11D3-BF4B-00C04F79EFBC}") = "Domain", "C:\Users\dawis\source\repos\Domain\Domain.csproj", "{F378CFBD-8113-4A03-804A-E7529D6C86FD}"
EndProject
Project("{FAE04EC0-301F-11D3-BF4B-00C04F79EFBC}") = "Service", "C:\Users\dawis\source\repos\Service\Service.csproj", "{0B87D20E-3D68-4D30-B2A1-9BD1F2279B8B}"
EndProject
Project("{FAE04EC0-301F-11D3-BF4B-00C04F79EFBC}") = "DAL", "C:\Users\dawis\source\repos\DAL\DAL.csproj", "{81ED42D8-E5EF-42A1-A73D-BA2EBBDD3B74}"
EndProject
Global
	GlobalSection(SolutionConfigurationPlatforms) = preSolution
		Debug|Any CPU = Debug|Any CPU
		Release|Any CPU = Release|Any CPU
	EndGlobalSection
	GlobalSection(ProjectConfigurationPlatforms) = postSolution
		{6CB68A86-2281-4C66-A852-4431B7552084}.Debug|Any CPU.ActiveCfg = Debug|Any CPU
		{6CB68A86-2281-4C66-A852-4431B7552084}.Debug|Any CPU.Build.0 = Debug|Any CPU
		{6CB68A86-2281-4C66-A852-4431B7552084}.Release|Any CPU.ActiveCfg = Release|Any CPU
		{6CB68A86-2281-4C66-A852-4431B7552084}.Release|Any CPU.Build.0 = Release|Any CPU
		{F378CFBD-8113-4A03-804A-E7529D6C86FD}.Debug|Any CPU.ActiveCfg = Debug|Any CPU
		{F378CFBD-8113-4A03-804A-E7529D6C86FD}.Debug|Any CPU.Build.0 = Debug|Any CPU
		{F378CFBD-8113-4A03-804A-E7529D6C86FD}.Release|Any CPU.ActiveCfg = Release|Any CPU
		{F378CFBD-8113-4A03-804A-E7529D6C86FD}.Release|Any CPU.Build.0 = Release|Any CPU
		{0B87D20E-3D68-4D30-B2A1-9BD1F2279B8B}.Debug|Any CPU.ActiveCfg = Debug|Any CPU
		{0B87D20E-3D68-4D30-B2A1-9BD1F2279B8B}.Debug|Any CPU.Build.0 = Debug|Any CPU
		{0B87D20E-3D68-4D30-B2A1-9BD1F2279B8B}.Release|Any CPU.ActiveCfg = Release|Any CPU
		{0B87D20E-3D68-4D30-B2A1-9BD1F2279B8B}.Release|Any CPU.Build.0 = Release|Any CPU
		{81ED42D8-E5EF-42A1-A73D-BA2EBBDD3B74}.Debug|Any CPU.ActiveCfg = Debug|Any CPU
		{81ED42D8-E5EF-42A1-A73D-BA2EBBDD3B74}.Debug|Any CPU.Build.0 = Debug|Any CPU
		{81ED42D8-E5EF-42A1-A73D-BA2EBBDD3B74}.Release|Any CPU.ActiveCfg = Release|Any CPU
		{81ED42D8-E5EF-42A1-A73D-BA2EBBDD3B74}.Release|Any CPU.Build.0 = Release|Any CPU
	EndGlobalSection
	GlobalSection(SolutionProperties) = preSolution
		HideSolutionNode = FALSE
	EndGlobalSection
	GlobalSection(ExtensibilityGlobals) = postSolution
		SolutionGuid = {91C9225D-3F82-4CFE-B014-1B22D8C5331F}
	EndGlobalSection
EndGlobal
